
Microsoft Visual Studio Solution File, Format Version 12.00
# Visual Studio Version 17
VisualStudioVersion = 17.4.33213.308
MinimumVisualStudioVersion = 10.0.40219.1
Project("{FAE04EC0-301F-11D3-BF4B-00C04F79EFBC}") = "NewtonMethod", "NewtonMethod\NewtonMethod.csproj", "{D0F486B1-9E14-45FC-81FA-68EC195DE81F}"
EndProject
Global
	GlobalSection(SolutionConfigurationPlatforms) = preSolution
		Debug|Any CPU = Debug|Any CPU
		Release|Any CPU = Release|Any CPU
	EndGlobalSection
	GlobalSection(ProjectConfigurationPlatforms) = postSolution
		{D0F486B1-9E14-45FC-81FA-68EC195DE81F}.Debug|Any CPU.ActiveCfg = Debug|Any CPU
		{D0F486B1-9E14-45FC-81FA-68EC195DE81F}.Debug|Any CPU.Build.0 = Debug|Any CPU
		{D0F486B1-9E14-45FC-81FA-68EC195DE81F}.Release|Any CPU.ActiveCfg = Release|Any CPU
		{D0F486B1-9E14-45FC-81FA-68EC195DE81F}.Release|Any CPU.Build.0 = Release|Any CPU
	EndGlobalSection
	GlobalSection(SolutionProperties) = preSolution
		HideSolutionNode = FALSE
	EndGlobalSection
	GlobalSection(ExtensibilityGlobals) = postSolution
		SolutionGuid = {48FFFA37-7493-49CA-A38C-B229A3C2CCFD}
	EndGlobalSection
EndGlobal
